// !$*UTF8*$!
{
	archiveVersion = 1;
	classes = {
	};
	objectVersion = 46;
	objects = {

/* Begin PBXBuildFile section */
		7306DFC91E9CA2E700728390 /* AppDelegate.swift in Sources */ = {isa = PBXBuildFile; fileRef = 7306DFC81E9CA2E700728390 /* AppDelegate.swift */; };
		7306DFCB1E9CA2E700728390 /* ViewController.swift in Sources */ = {isa = PBXBuildFile; fileRef = 7306DFCA1E9CA2E700728390 /* ViewController.swift */; };
		7306DFCE1E9CA2E700728390 /* Main.storyboard in Resources */ = {isa = PBXBuildFile; fileRef = 7306DFCC1E9CA2E700728390 /* Main.storyboard */; };
		7306DFD11E9CA2E700728390 /* eyeTourist.xcdatamodeld in Sources */ = {isa = PBXBuildFile; fileRef = 7306DFCF1E9CA2E700728390 /* eyeTourist.xcdatamodeld */; };
		7306DFD31E9CA2E700728390 /* Assets.xcassets in Resources */ = {isa = PBXBuildFile; fileRef = 7306DFD21E9CA2E700728390 /* Assets.xcassets */; };
		7306DFD61E9CA2E700728390 /* LaunchScreen.storyboard in Resources */ = {isa = PBXBuildFile; fileRef = 7306DFD41E9CA2E700728390 /* LaunchScreen.storyboard */; };
		737014451E9F55B00093B5C1 /* ROGoogleTranslate.swift in Sources */ = {isa = PBXBuildFile; fileRef = 737014441E9F55B00093B5C1 /* ROGoogleTranslate.swift */; };
		E9792E3EC6B31BDDAE73F945 /* Pods_eyeTourist.framework in Frameworks */ = {isa = PBXBuildFile; fileRef = 02AD3E847E37CC5F34A1B6E3 /* Pods_eyeTourist.framework */; };
/* End PBXBuildFile section */

/* Begin PBXFileReference section */
		02AD3E847E37CC5F34A1B6E3 /* Pods_eyeTourist.framework */ = {isa = PBXFileReference; explicitFileType = wrapper.framework; includeInIndex = 0; path = Pods_eyeTourist.framework; sourceTree = BUILT_PRODUCTS_DIR; };
		7306DFC51E9CA2E700728390 /* eyeTourist.app */ = {isa = PBXFileReference; explicitFileType = wrapper.application; includeInIndex = 0; path = eyeTourist.app; sourceTree = BUILT_PRODUCTS_DIR; };
		7306DFC81E9CA2E700728390 /* AppDelegate.swift */ = {isa = PBXFileReference; lastKnownFileType = sourcecode.swift; path = AppDelegate.swift; sourceTree = "<group>"; };
		7306DFCA1E9CA2E700728390 /* ViewController.swift */ = {isa = PBXFileReference; lastKnownFileType = sourcecode.swift; path = ViewController.swift; sourceTree = "<group>"; };
		7306DFCD1E9CA2E700728390 /* Base */ = {isa = PBXFileReference; lastKnownFileType = file.storyboard; name = Base; path = Base.lproj/Main.storyboard; sourceTree = "<group>"; };
		7306DFD01E9CA2E700728390 /* eyeTourist.xcdatamodel */ = {isa = PBXFileReference; lastKnownFileType = wrapper.xcdatamodel; path = eyeTourist.xcdatamodel; sourceTree = "<group>"; };
		7306DFD21E9CA2E700728390 /* Assets.xcassets */ = {isa = PBXFileReference; lastKnownFileType = folder.assetcatalog; path = Assets.xcassets; sourceTree = "<group>"; };
		7306DFD51E9CA2E700728390 /* Base */ = {isa = PBXFileReference; lastKnownFileType = file.storyboard; name = Base; path = Base.lproj/LaunchScreen.storyboard; sourceTree = "<group>"; };
		7306DFD71E9CA2E700728390 /* Info.plist */ = {isa = PBXFileReference; lastKnownFileType = text.plist.xml; path = Info.plist; sourceTree = "<group>"; };
		737014441E9F55B00093B5C1 /* ROGoogleTranslate.swift */ = {isa = PBXFileReference; fileEncoding = 4; lastKnownFileType = sourcecode.swift; path = ROGoogleTranslate.swift; sourceTree = "<group>"; };
		C6463CD51056531EAE306DAA /* Pods-eyeTourist.debug.xcconfig */ = {isa = PBXFileReference; includeInIndex = 1; lastKnownFileType = text.xcconfig; name = "Pods-eyeTourist.debug.xcconfig"; path = "Pods/Target Support Files/Pods-eyeTourist/Pods-eyeTourist.debug.xcconfig"; sourceTree = "<group>"; };
		FA024E836FEEBD19A63B848C /* Pods-eyeTourist.release.xcconfig */ = {isa = PBXFileReference; includeInIndex = 1; lastKnownFileType = text.xcconfig; name = "Pods-eyeTourist.release.xcconfig"; path = "Pods/Target Support Files/Pods-eyeTourist/Pods-eyeTourist.release.xcconfig"; sourceTree = "<group>"; };
/* End PBXFileReference section */

/* Begin PBXFrameworksBuildPhase section */
		7306DFC21E9CA2E700728390 /* Frameworks */ = {
			isa = PBXFrameworksBuildPhase;
			buildActionMask = 2147483647;
			files = (
				E9792E3EC6B31BDDAE73F945 /* Pods_eyeTourist.framework in Frameworks */,
			);
			runOnlyForDeploymentPostprocessing = 0;
		};
/* End PBXFrameworksBuildPhase section */

/* Begin PBXGroup section */
		3C9B5E929CAD667BD355EFF6 /* Frameworks */ = {
			isa = PBXGroup;
			children = (
				02AD3E847E37CC5F34A1B6E3 /* Pods_eyeTourist.framework */,
			);
			name = Frameworks;
			sourceTree = "<group>";
		};
		7306DFBC1E9CA2E700728390 = {
			isa = PBXGroup;
			children = (
				7306DFC71E9CA2E700728390 /* eyeTourist */,
				7306DFC61E9CA2E700728390 /* Products */,
				9618208BB0371402513BFB7C /* Pods */,
				3C9B5E929CAD667BD355EFF6 /* Frameworks */,
			);
			sourceTree = "<group>";
		};
		7306DFC61E9CA2E700728390 /* Products */ = {
			isa = PBXGroup;
			children = (
				7306DFC51E9CA2E700728390 /* eyeTourist.app */,
			);
			name = Products;
			sourceTree = "<group>";
		};
		7306DFC71E9CA2E700728390 /* eyeTourist */ = {
			isa = PBXGroup;
			children = (
				7306DFC81E9CA2E700728390 /* AppDelegate.swift */,
				7306DFCA1E9CA2E700728390 /* ViewController.swift */,
				737014441E9F55B00093B5C1 /* ROGoogleTranslate.swift */,
				7306DFCC1E9CA2E700728390 /* Main.storyboard */,
				7306DFD21E9CA2E700728390 /* Assets.xcassets */,
				7306DFD41E9CA2E700728390 /* LaunchScreen.storyboard */,
				7306DFD71E9CA2E700728390 /* Info.plist */,
				7306DFCF1E9CA2E700728390 /* eyeTourist.xcdatamodeld */,
			);
			path = eyeTourist;
			sourceTree = "<group>";
		};
		9618208BB0371402513BFB7C /* Pods */ = {
			isa = PBXGroup;
			children = (
				C6463CD51056531EAE306DAA /* Pods-eyeTourist.debug.xcconfig */,
				FA024E836FEEBD19A63B848C /* Pods-eyeTourist.release.xcconfig */,
			);
			name = Pods;
			sourceTree = "<group>";
		};
/* End PBXGroup section */

/* Begin PBXNativeTarget section */
		7306DFC41E9CA2E700728390 /* eyeTourist */ = {
			isa = PBXNativeTarget;
			buildConfigurationList = 7306DFDA1E9CA2E700728390 /* Build configuration list for PBXNativeTarget "eyeTourist" */;
			buildPhases = (
				B47C2E860FB76D62507E9308 /* [CP] Check Pods Manifest.lock */,
				7306DFC11E9CA2E700728390 /* Sources */,
				7306DFC21E9CA2E700728390 /* Frameworks */,
				7306DFC31E9CA2E700728390 /* Resources */,
				E17D24CDA0694FF4E16CD802 /* [CP] Embed Pods Frameworks */,
				0A06F8C8783C4C2C3937D8AE /* [CP] Copy Pods Resources */,
			);
			buildRules = (
			);
			dependencies = (
			);
			name = eyeTourist;
			productName = eyeTourist;
			productReference = 7306DFC51E9CA2E700728390 /* eyeTourist.app */;
			productType = "com.apple.product-type.application";
		};
/* End PBXNativeTarget section */

/* Begin PBXProject section */
		7306DFBD1E9CA2E700728390 /* Project object */ = {
			isa = PBXProject;
			attributes = {
				LastSwiftUpdateCheck = 0830;
				LastUpgradeCheck = 0830;
				ORGANIZATIONNAME = com.ignitedcodes;
				TargetAttributes = {
					7306DFC41E9CA2E700728390 = {
						CreatedOnToolsVersion = 8.3.1;
						DevelopmentTeam = YJY3GTSU5J;
						ProvisioningStyle = Automatic;
					};
				};
			};
			buildConfigurationList = 7306DFC01E9CA2E700728390 /* Build configuration list for PBXProject "eyeTourist" */;
			compatibilityVersion = "Xcode 3.2";
			developmentRegion = English;
			hasScannedForEncodings = 0;
			knownRegions = (
				en,
				Base,
			);
			mainGroup = 7306DFBC1E9CA2E700728390;
			productRefGroup = 7306DFC61E9CA2E700728390 /* Products */;
			projectDirPath = "";
			projectRoot = "";
			targets = (
				7306DFC41E9CA2E700728390 /* eyeTourist */,
			);
		};
/* End PBXProject section */

/* Begin PBXResourcesBuildPhase section */
		7306DFC31E9CA2E700728390 /* Resources */ = {
			isa = PBXResourcesBuildPhase;
			buildActionMask = 2147483647;
			files = (
				7306DFD61E9CA2E700728390 /* LaunchScreen.storyboard in Resources */,
				7306DFD31E9CA2E700728390 /* Assets.xcassets in Resources */,
				7306DFCE1E9CA2E700728390 /* Main.storyboard in Resources */,
			);
			runOnlyForDeploymentPostprocessing = 0;
		};
/* End PBXResourcesBuildPhase section */

/* Begin PBXShellScriptBuildPhase section */
		0A06F8C8783C4C2C3937D8AE /* [CP] Copy Pods Resources */ = {
			isa = PBXShellScriptBuildPhase;
			buildActionMask = 2147483647;
			files = (
			);
			inputPaths = (
			);
			name = "[CP] Copy Pods Resources";
			outputPaths = (
			);
			runOnlyForDeploymentPostprocessing = 0;
			shellPath = /bin/sh;
			shellScript = "\"${SRCROOT}/Pods/Target Support Files/Pods-eyeTourist/Pods-eyeTourist-resources.sh\"\n";
			showEnvVarsInLog = 0;
		};
		B47C2E860FB76D62507E9308 /* [CP] Check Pods Manifest.lock */ = {
			isa = PBXShellScriptBuildPhase;
			buildActionMask = 2147483647;
			files = (
			);
			inputPaths = (
			);
			name = "[CP] Check Pods Manifest.lock";
			outputPaths = (
			);
			runOnlyForDeploymentPostprocessing = 0;
			shellPath = /bin/sh;
			shellScript = "diff \"${PODS_ROOT}/../Podfile.lock\" \"${PODS_ROOT}/Manifest.lock\" > /dev/null\nif [ $? != 0 ] ; then\n    # print error to STDERR\n    echo \"error: The sandbox is not in sync with the Podfile.lock. Run 'pod install' or update your CocoaPods installation.\" >&2\n    exit 1\nfi\n";
			showEnvVarsInLog = 0;
		};
		E17D24CDA0694FF4E16CD802 /* [CP] Embed Pods Frameworks */ = {
			isa = PBXShellScriptBuildPhase;
			buildActionMask = 2147483647;
			files = (
			);
			inputPaths = (
			);
			name = "[CP] Embed Pods Frameworks";
			outputPaths = (
			);
			runOnlyForDeploymentPostprocessing = 0;
			shellPath = /bin/sh;
			shellScript = "\"${SRCROOT}/Pods/Target Support Files/Pods-eyeTourist/Pods-eyeTourist-frameworks.sh\"\n";
			showEnvVarsInLog = 0;
		};
/* End PBXShellScriptBuildPhase section */

/* Begin PBXSourcesBuildPhase section */
		7306DFC11E9CA2E700728390 /* Sources */ = {
			isa = PBXSourcesBuildPhase;
			buildActionMask = 2147483647;
			files = (
				7306DFD11E9CA2E700728390 /* eyeTourist.xcdatamodeld in Sources */,
				7306DFCB1E9CA2E700728390 /* ViewController.swift in Sources */,
				737014451E9F55B00093B5C1 /* ROGoogleTranslate.swift in Sources */,
				7306DFC91E9CA2E700728390 /* AppDelegate.swift in Sources */,
			);
			runOnlyForDeploymentPostprocessing = 0;
		};
/* End PBXSourcesBuildPhase section */

/* Begin PBXVariantGroup section */
		7306DFCC1E9CA2E700728390 /* Main.storyboard */ = {
			isa = PBXVariantGroup;
			children = (
				7306DFCD1E9CA2E700728390 /* Base */,
			);
			name = Main.storyboard;
			sourceTree = "<group>";
		};
		7306DFD41E9CA2E700728390 /* LaunchScreen.storyboard */ = {
			isa = PBXVariantGroup;
			children = (
				7306DFD51E9CA2E700728390 /* Base */,
			);
			name = LaunchScreen.storyboard;
			sourceTree = "<group>";
		};
/* End PBXVariantGroup section */

/* Begin XCBuildConfiguration section */
		7306DFD81E9CA2E700728390 /* Debug */ = {
			isa = XCBuildConfiguration;
			buildSettings = {
				ALWAYS_SEARCH_USER_PATHS = NO;
				CLANG_ANALYZER_NONNULL = YES;
				CLANG_ANALYZER_NUMBER_OBJECT_CONVERSION = YES_AGGRESSIVE;
				CLANG_CXX_LANGUAGE_STANDARD = "gnu++0x";
				CLANG_CXX_LIBRARY = "libc++";
				CLANG_ENABLE_MODULES = YES;
				CLANG_ENABLE_OBJC_ARC = YES;
				CLANG_WARN_BOOL_CONVERSION = YES;
				CLANG_WARN_CONSTANT_CONVERSION = YES;
				CLANG_WARN_DIRECT_OBJC_ISA_USAGE = YES_ERROR;
				CLANG_WARN_DOCUMENTATION_COMMENTS = YES;
				CLANG_WARN_EMPTY_BODY = YES;
				CLANG_WARN_ENUM_CONVERSION = YES;
				CLANG_WARN_INFINITE_RECURSION = YES;
				CLANG_WARN_INT_CONVERSION = YES;
				CLANG_WARN_OBJC_ROOT_CLASS = YES_ERROR;
				CLANG_WARN_SUSPICIOUS_MOVE = YES;
				CLANG_WARN_UNREACHABLE_CODE = YES;
				CLANG_WARN__DUPLICATE_METHOD_MATCH = YES;
				"CODE_SIGN_IDENTITY[sdk=iphoneos*]" = "iPhone Developer";
				COPY_PHASE_STRIP = NO;
				DEBUG_INFORMATION_FORMAT = dwarf;
				ENABLE_STRICT_OBJC_MSGSEND = YES;
				ENABLE_TESTABILITY = YES;
				GCC_C_LANGUAGE_STANDARD = gnu99;
				GCC_DYNAMIC_NO_PIC = NO;
				GCC_NO_COMMON_BLOCKS = YES;
				GCC_OPTIMIZATION_LEVEL = 0;
				GCC_PREPROCESSOR_DEFINITIONS = (
					"DEBUG=1",
					"$(inherited)",
				);
				GCC_WARN_64_TO_32_BIT_CONVERSION = YES;
				GCC_WARN_ABOUT_RETURN_TYPE = YES_ERROR;
				GCC_WARN_UNDECLARED_SELECTOR = YES;
				GCC_WARN_UNINITIALIZED_AUTOS = YES_AGGRESSIVE;
				GCC_WARN_UNUSED_FUNCTION = YES;
				GCC_WARN_UNUSED_VARIABLE = YES;
				IPHONEOS_DEPLOYMENT_TARGET = 10.3;
				MTL_ENABLE_DEBUG_INFO = YES;
				ONLY_ACTIVE_ARCH = YES;
				SDKROOT = iphoneos;
				SWIFT_ACTIVE_COMPILATION_CONDITIONS = DEBUG;
				SWIFT_OPTIMIZATION_LEVEL = "-Onone";
				TARGETED_DEVICE_FAMILY = "1,2";
			};
			name = Debug;
		};
		7306DFD91E9CA2E700728390 /* Release */ = {
			isa = XCBuildConfiguration;
			buildSettings = {
				ALWAYS_SEARCH_USER_PATHS = NO;
				CLANG_ANALYZER_NONNULL = YES;
				CLANG_ANALYZER_NUMBER_OBJECT_CONVERSION = YES_AGGRESSIVE;
				CLANG_CXX_LANGUAGE_STANDARD = "gnu++0x";
				CLANG_CXX_LIBRARY = "libc++";
				CLANG_ENABLE_MODULES = YES;
				CLANG_ENABLE_OBJC_ARC = YES;
				CLANG_WARN_BOOL_CONVERSION = YES;
				CLANG_WARN_CONSTANT_CONVERSION = YES;
				CLANG_WARN_DIRECT_OBJC_ISA_USAGE = YES_ERROR;
				CLANG_WARN_DOCUMENTATION_COMMENTS = YES;
				CLANG_WARN_EMPTY_BODY = YES;
				CLANG_WARN_ENUM_CONVERSION = YES;
				CLANG_WARN_INFINITE_RECURSION = YES;
				CLANG_WARN_INT_CONVERSION = YES;
				CLANG_WARN_OBJC_ROOT_CLASS = YES_ERROR;
				CLANG_WARN_SUSPICIOUS_MOVE = YES;
				CLANG_WARN_UNREACHABLE_CODE = YES;
				CLANG_WARN__DUPLICATE_METHOD_MATCH = YES;
				"CODE_SIGN_IDENTITY[sdk=iphoneos*]" = "iPhone Developer";
				COPY_PHASE_STRIP = NO;
				DEBUG_INFORMATION_FORMAT = "dwarf-with-dsym";
				ENABLE_NS_ASSERTIONS = NO;
				ENABLE_STRICT_OBJC_MSGSEND = YES;
				GCC_C_LANGUAGE_STANDARD = gnu99;
				GCC_NO_COMMON_BLOCKS = YES;
				GCC_WARN_64_TO_32_BIT_CONVERSION = YES;
				GCC_WARN_ABOUT_RETURN_TYPE = YES_ERROR;
				GCC_WARN_UNDECLARED_SELECTOR = YES;
				GCC_WARN_UNINITIALIZED_AUTOS = YES_AGGRESSIVE;
				GCC_WARN_UNUSED_FUNCTION = YES;
				GCC_WARN_UNUSED_VARIABLE = YES;
				IPHONEOS_DEPLOYMENT_TARGET = 10.3;
				MTL_ENABLE_DEBUG_INFO = NO;
				SDKROOT = iphoneos;
				SWIFT_OPTIMIZATION_LEVEL = "-Owholemodule";
				TARGETED_DEVICE_FAMILY = "1,2";
				VALIDATE_PRODUCT = YES;
			};
			name = Release;
		};
		7306DFDB1E9CA2E700728390 /* Debug */ = {
			isa = XCBuildConfiguration;
			baseConfigurationReference = C6463CD51056531EAE306DAA /* Pods-eyeTourist.debug.xcconfig */;
			buildSettings = {
				ASSETCATALOG_COMPILER_APPICON_NAME = AppIcon;
				DEVELOPMENT_TEAM = YJY3GTSU5J;
				INFOPLIST_FILE = eyeTourist/Info.plist;
				IPHONEOS_DEPLOYMENT_TARGET = 10.0;
				LD_RUNPATH_SEARCH_PATHS = "$(inherited) @executable_path/Frameworks";
				PRODUCT_BUNDLE_IDENTIFIER = shayegh.eyeTourist;
				PRODUCT_NAME = "$(TARGET_NAME)";
				SWIFT_VERSION = 3.0;
			};
			name = Debug;
		};
		7306DFDC1E9CA2E700728390 /* Release */ = {
			isa = XCBuildConfiguration;
			baseConfigurationReference = FA024E836FEEBD19A63B848C /* Pods-eyeTourist.release.xcconfig */;
			buildSettings = {
				ASSETCATALOG_COMPILER_APPICON_NAME = AppIcon;
				DEVELOPMENT_TEAM = YJY3GTSU5J;
				INFOPLIST_FILE = eyeTourist/Info.plist;
				IPHONEOS_DEPLOYMENT_TARGET = 10.0;
				LD_RUNPATH_SEARCH_PATHS = "$(inherited) @executable_path/Frameworks";
				PRODUCT_BUNDLE_IDENTIFIER = shayegh.eyeTourist;
				PRODUCT_NAME = "$(TARGET_NAME)";
				SWIFT_VERSION = 3.0;
			};
			name = Release;
		};
/* End XCBuildConfiguration section */

/* Begin XCConfigurationList section */
		7306DFC01E9CA2E700728390 /* Build configuration list for PBXProject "eyeTourist" */ = {
			isa = XCConfigurationList;
			buildConfigurations = (
				7306DFD81E9CA2E700728390 /* Debug */,
				7306DFD91E9CA2E700728390 /* Release */,
			);
			defaultConfigurationIsVisible = 0;
			defaultConfigurationName = Release;
		};
		7306DFDA1E9CA2E700728390 /* Build configuration list for PBXNativeTarget "eyeTourist" */ = {
			isa = XCConfigurationList;
			buildConfigurations = (
				7306DFDB1E9CA2E700728390 /* Debug */,
				7306DFDC1E9CA2E700728390 /* Release */,
			);
			defaultConfigurationIsVisible = 0;
			defaultConfigurationName = Release;
		};
/* End XCConfigurationList section */

/* Begin XCVersionGroup section */
		7306DFCF1E9CA2E700728390 /* eyeTourist.xcdatamodeld */ = {
			isa = XCVersionGroup;
			children = (
				7306DFD01E9CA2E700728390 /* eyeTourist.xcdatamodel */,
			);
			currentVersion = 7306DFD01E9CA2E700728390 /* eyeTourist.xcdatamodel */;
			path = eyeTourist.xcdatamodeld;
			sourceTree = "<group>";
			versionGroupType = wrapper.xcdatamodel;
		};
/* End XCVersionGroup section */
	};
	rootObject = 7306DFBD1E9CA2E700728390 /* Project object */;
}
